
Microsoft Visual Studio Solution File, Format Version 12.00
# Visual Studio Version 17
VisualStudioVersion = 17.8.34004.107
MinimumVisualStudioVersion = 10.0.40219.1
Project("{9A19103F-16F7-4668-BE54-9A1E7A4F7556}") = "ConsoleAppDadosEmpresas", "ConsoleAppDadosEmpresas.csproj", "{8E3FEB9C-3156-452B-B029-A6C326BAE40B}"
EndProject
Global
	GlobalSection(SolutionConfigurationPlatforms) = preSolution
		Debug|Any CPU = Debug|Any CPU
		Release|Any CPU = Release|Any CPU
	EndGlobalSection
	GlobalSection(ProjectConfigurationPlatforms) = postSolution
		{8E3FEB9C-3156-452B-B029-A6C326BAE40B}.Debug|Any CPU.ActiveCfg = Debug|Any CPU
		{8E3FEB9C-3156-452B-B029-A6C326BAE40B}.Debug|Any CPU.Build.0 = Debug|Any CPU
		{8E3FEB9C-3156-452B-B029-A6C326BAE40B}.Release|Any CPU.ActiveCfg = Release|Any CPU
		{8E3FEB9C-3156-452B-B029-A6C326BAE40B}.Release|Any CPU.Build.0 = Release|Any CPU
	EndGlobalSection
	GlobalSection(SolutionProperties) = preSolution
		HideSolutionNode = FALSE
	EndGlobalSection
	GlobalSection(ExtensibilityGlobals) = postSolution
		SolutionGuid = {79FD3CE8-B59B-4EB3-8B37-61A01074362F}
	EndGlobalSection
EndGlobal
